
Microsoft Visual Studio Solution File, Format Version 12.00
Project("{FAE04EC0-301F-11D3-BF4B-00C04F79EFBC}") = "Entities", "Entities\Entities.csproj", "{021D8DE4-24BA-4F1E-A68C-CE965E3F3F7C}"
EndProject
Project("{FAE04EC0-301F-11D3-BF4B-00C04F79EFBC}") = "Business", "Business\Business.csproj", "{F2846EB2-394F-4566-8F82-A1E9B43B376D}"
EndProject
Project("{FAE04EC0-301F-11D3-BF4B-00C04F79EFBC}") = "DataAccess", "DataAccess\DataAccess.csproj", "{6C043986-56C3-4775-B740-A5D271A60C29}"
EndProject
Project("{FAE04EC0-301F-11D3-BF4B-00C04F79EFBC}") = "Core", "Core\Core.csproj", "{B374DFAA-26F8-4D1A-A61A-AA7274038F23}"
EndProject
Project("{FAE04EC0-301F-11D3-BF4B-00C04F79EFBC}") = "WebAPI", "WebAPI\WebAPI.csproj", "{57CCB113-2934-4175-B7CE-E327E578DC01}"
EndProject
Project("{FAE04EC0-301F-11D3-BF4B-00C04F79EFBC}") = "ConsoleApp1", "ConsoleApp1\ConsoleApp1.csproj", "{199A5384-3AEC-4389-BB34-1F2DD14CBF25}"
EndProject
Global
	GlobalSection(SolutionConfigurationPlatforms) = preSolution
		Debug|Any CPU = Debug|Any CPU
		Release|Any CPU = Release|Any CPU
	EndGlobalSection
	GlobalSection(ProjectConfigurationPlatforms) = postSolution
		{021D8DE4-24BA-4F1E-A68C-CE965E3F3F7C}.Debug|Any CPU.ActiveCfg = Debug|Any CPU
		{021D8DE4-24BA-4F1E-A68C-CE965E3F3F7C}.Debug|Any CPU.Build.0 = Debug|Any CPU
		{021D8DE4-24BA-4F1E-A68C-CE965E3F3F7C}.Release|Any CPU.ActiveCfg = Release|Any CPU
		{021D8DE4-24BA-4F1E-A68C-CE965E3F3F7C}.Release|Any CPU.Build.0 = Release|Any CPU
		{F2846EB2-394F-4566-8F82-A1E9B43B376D}.Debug|Any CPU.ActiveCfg = Debug|Any CPU
		{F2846EB2-394F-4566-8F82-A1E9B43B376D}.Debug|Any CPU.Build.0 = Debug|Any CPU
		{F2846EB2-394F-4566-8F82-A1E9B43B376D}.Release|Any CPU.ActiveCfg = Release|Any CPU
		{F2846EB2-394F-4566-8F82-A1E9B43B376D}.Release|Any CPU.Build.0 = Release|Any CPU
		{6C043986-56C3-4775-B740-A5D271A60C29}.Debug|Any CPU.ActiveCfg = Debug|Any CPU
		{6C043986-56C3-4775-B740-A5D271A60C29}.Debug|Any CPU.Build.0 = Debug|Any CPU
		{6C043986-56C3-4775-B740-A5D271A60C29}.Release|Any CPU.ActiveCfg = Release|Any CPU
		{6C043986-56C3-4775-B740-A5D271A60C29}.Release|Any CPU.Build.0 = Release|Any CPU
		{B374DFAA-26F8-4D1A-A61A-AA7274038F23}.Debug|Any CPU.ActiveCfg = Debug|Any CPU
		{B374DFAA-26F8-4D1A-A61A-AA7274038F23}.Debug|Any CPU.Build.0 = Debug|Any CPU
		{B374DFAA-26F8-4D1A-A61A-AA7274038F23}.Release|Any CPU.ActiveCfg = Release|Any CPU
		{B374DFAA-26F8-4D1A-A61A-AA7274038F23}.Release|Any CPU.Build.0 = Release|Any CPU
		{57CCB113-2934-4175-B7CE-E327E578DC01}.Debug|Any CPU.ActiveCfg = Debug|Any CPU
		{57CCB113-2934-4175-B7CE-E327E578DC01}.Debug|Any CPU.Build.0 = Debug|Any CPU
		{57CCB113-2934-4175-B7CE-E327E578DC01}.Release|Any CPU.ActiveCfg = Release|Any CPU
		{57CCB113-2934-4175-B7CE-E327E578DC01}.Release|Any CPU.Build.0 = Release|Any CPU
		{199A5384-3AEC-4389-BB34-1F2DD14CBF25}.Debug|Any CPU.ActiveCfg = Debug|Any CPU
		{199A5384-3AEC-4389-BB34-1F2DD14CBF25}.Debug|Any CPU.Build.0 = Debug|Any CPU
		{199A5384-3AEC-4389-BB34-1F2DD14CBF25}.Release|Any CPU.ActiveCfg = Release|Any CPU
		{199A5384-3AEC-4389-BB34-1F2DD14CBF25}.Release|Any CPU.Build.0 = Release|Any CPU
	EndGlobalSection
EndGlobal
